// !$*UTF8*$!
{
	archiveVersion = 1;
	classes = {
	};
	objectVersion = 56;
	objects = {

/* Begin PBXBuildFile section */
		1E3AD2A12959AE55008B4208 /* GamePage.swift in Sources */ = {isa = PBXBuildFile; fileRef = 1E3AD2A02959AE55008B4208 /* GamePage.swift */; };
		1E3AD2A32959AE85008B4208 /* GamePageViewController.swift in Sources */ = {isa = PBXBuildFile; fileRef = 1E3AD2A22959AE85008B4208 /* GamePageViewController.swift */; };
		1E3AD2A5295A04C5008B4208 /* GamePageState.swift in Sources */ = {isa = PBXBuildFile; fileRef = 1E3AD2A4295A04C5008B4208 /* GamePageState.swift */; };
		1E3AD2A7295A06B4008B4208 /* Formatter+Extension.swift in Sources */ = {isa = PBXBuildFile; fileRef = 1E3AD2A6295A06B4008B4208 /* Formatter+Extension.swift */; };
		1E3AD2AA295A097A008B4208 /* WheelView.swift in Sources */ = {isa = PBXBuildFile; fileRef = 1E3AD2A9295A097A008B4208 /* WheelView.swift */; };
		1E3AD2AC295B7146008B4208 /* SlotItemCache.swift in Sources */ = {isa = PBXBuildFile; fileRef = 1E3AD2AB295B7146008B4208 /* SlotItemCache.swift */; };
		1E3AD2AE295F26F9008B4208 /* SlotBoardView.swift in Sources */ = {isa = PBXBuildFile; fileRef = 1E3AD2AD295F26F9008B4208 /* SlotBoardView.swift */; };
		1E3AD2B0295F2974008B4208 /* NotificationManager.swift in Sources */ = {isa = PBXBuildFile; fileRef = 1E3AD2AF295F2973008B4208 /* NotificationManager.swift */; };
		1E3AD2B2295F6351008B4208 /* Constants.swift in Sources */ = {isa = PBXBuildFile; fileRef = 1E3AD2B1295F6351008B4208 /* Constants.swift */; };
		1E3AD2B42960808D008B4208 /* KeyStore.swift in Sources */ = {isa = PBXBuildFile; fileRef = 1E3AD2B32960808C008B4208 /* KeyStore.swift */; };
		1E86F1212954AF2400D981CB /* AppDelegate.swift in Sources */ = {isa = PBXBuildFile; fileRef = 1E86F1202954AF2400D981CB /* AppDelegate.swift */; };
		1E86F1232954AF2400D981CB /* SceneDelegate.swift in Sources */ = {isa = PBXBuildFile; fileRef = 1E86F1222954AF2400D981CB /* SceneDelegate.swift */; };
		1E86F12A2954AF2A00D981CB /* Assets.xcassets in Resources */ = {isa = PBXBuildFile; fileRef = 1E86F1292954AF2A00D981CB /* Assets.xcassets */; };
		1E86F12D2954AF2A00D981CB /* LaunchScreen.storyboard in Resources */ = {isa = PBXBuildFile; fileRef = 1E86F12B2954AF2A00D981CB /* LaunchScreen.storyboard */; };
		1E86F13B2954B7FB00D981CB /* MainPageViewController.swift in Sources */ = {isa = PBXBuildFile; fileRef = 1E86F13A2954B7FB00D981CB /* MainPageViewController.swift */; };
		1E86F13D2954B80700D981CB /* MainPage.swift in Sources */ = {isa = PBXBuildFile; fileRef = 1E86F13C2954B80700D981CB /* MainPage.swift */; };
		1E86F13F2954B99C00D981CB /* PreloaderPage.swift in Sources */ = {isa = PBXBuildFile; fileRef = 1E86F13E2954B99C00D981CB /* PreloaderPage.swift */; };
		1E86F1412957774A00D981CB /* Games.json in Resources */ = {isa = PBXBuildFile; fileRef = 1E86F1402957774A00D981CB /* Games.json */; };
		1E86F1432957788300D981CB /* MainPageState.swift in Sources */ = {isa = PBXBuildFile; fileRef = 1E86F1422957788300D981CB /* MainPageState.swift */; };
/* End PBXBuildFile section */

/* Begin PBXFileReference section */
		1E3AD2A02959AE55008B4208 /* GamePage.swift */ = {isa = PBXFileReference; lastKnownFileType = sourcecode.swift; path = GamePage.swift; sourceTree = "<group>"; };
		1E3AD2A22959AE85008B4208 /* GamePageViewController.swift */ = {isa = PBXFileReference; lastKnownFileType = sourcecode.swift; path = GamePageViewController.swift; sourceTree = "<group>"; };
		1E3AD2A4295A04C5008B4208 /* GamePageState.swift */ = {isa = PBXFileReference; lastKnownFileType = sourcecode.swift; path = GamePageState.swift; sourceTree = "<group>"; };
		1E3AD2A6295A06B4008B4208 /* Formatter+Extension.swift */ = {isa = PBXFileReference; lastKnownFileType = sourcecode.swift; path = "Formatter+Extension.swift"; sourceTree = "<group>"; };
		1E3AD2A9295A097A008B4208 /* WheelView.swift */ = {isa = PBXFileReference; lastKnownFileType = sourcecode.swift; path = WheelView.swift; sourceTree = "<group>"; };
		1E3AD2AB295B7146008B4208 /* SlotItemCache.swift */ = {isa = PBXFileReference; lastKnownFileType = sourcecode.swift; path = SlotItemCache.swift; sourceTree = "<group>"; };
		1E3AD2AD295F26F9008B4208 /* SlotBoardView.swift */ = {isa = PBXFileReference; lastKnownFileType = sourcecode.swift; path = SlotBoardView.swift; sourceTree = "<group>"; };
		1E3AD2AF295F2973008B4208 /* NotificationManager.swift */ = {isa = PBXFileReference; lastKnownFileType = sourcecode.swift; path = NotificationManager.swift; sourceTree = "<group>"; };
		1E3AD2B1295F6351008B4208 /* Constants.swift */ = {isa = PBXFileReference; lastKnownFileType = sourcecode.swift; path = Constants.swift; sourceTree = "<group>"; };
		1E3AD2B32960808C008B4208 /* KeyStore.swift */ = {isa = PBXFileReference; lastKnownFileType = sourcecode.swift; path = KeyStore.swift; sourceTree = "<group>"; };
		1E86F11D2954AF2400D981CB /* SlotsGame.app */ = {isa = PBXFileReference; explicitFileType = wrapper.application; includeInIndex = 0; path = SlotsGame.app; sourceTree = BUILT_PRODUCTS_DIR; };
		1E86F1202954AF2400D981CB /* AppDelegate.swift */ = {isa = PBXFileReference; lastKnownFileType = sourcecode.swift; path = AppDelegate.swift; sourceTree = "<group>"; };
		1E86F1222954AF2400D981CB /* SceneDelegate.swift */ = {isa = PBXFileReference; lastKnownFileType = sourcecode.swift; path = SceneDelegate.swift; sourceTree = "<group>"; };
		1E86F1292954AF2A00D981CB /* Assets.xcassets */ = {isa = PBXFileReference; lastKnownFileType = folder.assetcatalog; path = Assets.xcassets; sourceTree = "<group>"; };
		1E86F12C2954AF2A00D981CB /* Base */ = {isa = PBXFileReference; lastKnownFileType = file.storyboard; name = Base; path = Base.lproj/LaunchScreen.storyboard; sourceTree = "<group>"; };
		1E86F12E2954AF2A00D981CB /* Info.plist */ = {isa = PBXFileReference; lastKnownFileType = text.plist.xml; path = Info.plist; sourceTree = "<group>"; };
		1E86F13A2954B7FB00D981CB /* MainPageViewController.swift */ = {isa = PBXFileReference; lastKnownFileType = sourcecode.swift; path = MainPageViewController.swift; sourceTree = "<group>"; };
		1E86F13C2954B80700D981CB /* MainPage.swift */ = {isa = PBXFileReference; lastKnownFileType = sourcecode.swift; path = MainPage.swift; sourceTree = "<group>"; };
		1E86F13E2954B99C00D981CB /* PreloaderPage.swift */ = {isa = PBXFileReference; lastKnownFileType = sourcecode.swift; path = PreloaderPage.swift; sourceTree = "<group>"; };
		1E86F1402957774A00D981CB /* Games.json */ = {isa = PBXFileReference; lastKnownFileType = text.json; path = Games.json; sourceTree = "<group>"; };
		1E86F1422957788300D981CB /* MainPageState.swift */ = {isa = PBXFileReference; lastKnownFileType = sourcecode.swift; path = MainPageState.swift; sourceTree = "<group>"; };
/* End PBXFileReference section */

/* Begin PBXFrameworksBuildPhase section */
		1E86F11A2954AF2400D981CB /* Frameworks */ = {
			isa = PBXFrameworksBuildPhase;
			buildActionMask = 2147483647;
			files = (
			);
			runOnlyForDeploymentPostprocessing = 0;
		};
/* End PBXFrameworksBuildPhase section */

/* Begin PBXGroup section */
		1E3AD29D2959907C008B4208 /* Shared */ = {
			isa = PBXGroup;
			children = (
				1E3AD2A6295A06B4008B4208 /* Formatter+Extension.swift */,
				1E3AD2AF295F2973008B4208 /* NotificationManager.swift */,
				1E3AD2B1295F6351008B4208 /* Constants.swift */,
				1E3AD2B32960808C008B4208 /* KeyStore.swift */,
			);
			path = Shared;
			sourceTree = "<group>";
		};
		1E86F1142954AF2400D981CB = {
			isa = PBXGroup;
			children = (
				1E86F11F2954AF2400D981CB /* SlotsGame */,
				1E86F11E2954AF2400D981CB /* Products */,
			);
			sourceTree = "<group>";
		};
		1E86F11E2954AF2400D981CB /* Products */ = {
			isa = PBXGroup;
			children = (
				1E86F11D2954AF2400D981CB /* SlotsGame.app */,
			);
			name = Products;
			sourceTree = "<group>";
		};
		1E86F11F2954AF2400D981CB /* SlotsGame */ = {
			isa = PBXGroup;
			children = (
				1E3AD29D2959907C008B4208 /* Shared */,
				1E86F1392954B7D500D981CB /* Resources */,
				1E86F1352954B6AF00D981CB /* Modules */,
				1E86F1342954B64E00D981CB /* Application */,
			);
			path = SlotsGame;
			sourceTree = "<group>";
		};
		1E86F1342954B64E00D981CB /* Application */ = {
			isa = PBXGroup;
			children = (
				1E86F12E2954AF2A00D981CB /* Info.plist */,
				1E86F12B2954AF2A00D981CB /* LaunchScreen.storyboard */,
				1E86F1202954AF2400D981CB /* AppDelegate.swift */,
				1E86F1222954AF2400D981CB /* SceneDelegate.swift */,
			);
			path = Application;
			sourceTree = "<group>";
		};
		1E86F1352954B6AF00D981CB /* Modules */ = {
			isa = PBXGroup;
			children = (
				1E86F1382954B6D200D981CB /* Game */,
				1E86F1372954B6BD00D981CB /* Main */,
				1E86F1362954B6B700D981CB /* Preloader */,
			);
			path = Modules;
			sourceTree = "<group>";
		};
		1E86F1362954B6B700D981CB /* Preloader */ = {
			isa = PBXGroup;
			children = (
				1E86F13E2954B99C00D981CB /* PreloaderPage.swift */,
			);
			path = Preloader;
			sourceTree = "<group>";
		};
		1E86F1372954B6BD00D981CB /* Main */ = {
			isa = PBXGroup;
			children = (
				1E86F13A2954B7FB00D981CB /* MainPageViewController.swift */,
				1E86F13C2954B80700D981CB /* MainPage.swift */,
				1E86F1422957788300D981CB /* MainPageState.swift */,
			);
			path = Main;
			sourceTree = "<group>";
		};
		1E86F1382954B6D200D981CB /* Game */ = {
			isa = PBXGroup;
			children = (
				1E3AD2A9295A097A008B4208 /* WheelView.swift */,
				1E3AD2A02959AE55008B4208 /* GamePage.swift */,
				1E3AD2A22959AE85008B4208 /* GamePageViewController.swift */,
				1E3AD2A4295A04C5008B4208 /* GamePageState.swift */,
				1E3AD2AB295B7146008B4208 /* SlotItemCache.swift */,
				1E3AD2AD295F26F9008B4208 /* SlotBoardView.swift */,
			);
			path = Game;
			sourceTree = "<group>";
		};
		1E86F1392954B7D500D981CB /* Resources */ = {
			isa = PBXGroup;
			children = (
				1E86F1292954AF2A00D981CB /* Assets.xcassets */,
				1E86F1402957774A00D981CB /* Games.json */,
			);
			path = Resources;
			sourceTree = "<group>";
		};
/* End PBXGroup section */

/* Begin PBXNativeTarget section */
		1E86F11C2954AF2400D981CB /* SlotsGame */ = {
			isa = PBXNativeTarget;
			buildConfigurationList = 1E86F1312954AF2A00D981CB /* Build configuration list for PBXNativeTarget "SlotsGame" */;
			buildPhases = (
				1E86F1192954AF2400D981CB /* Sources */,
				1E86F11A2954AF2400D981CB /* Frameworks */,
				1E86F11B2954AF2400D981CB /* Resources */,
			);
			buildRules = (
			);
			dependencies = (
			);
			name = SlotsGame;
			productName = SlotsGame;
			productReference = 1E86F11D2954AF2400D981CB /* SlotsGame.app */;
			productType = "com.apple.product-type.application";
		};
/* End PBXNativeTarget section */

/* Begin PBXProject section */
		1E86F1152954AF2400D981CB /* Project object */ = {
			isa = PBXProject;
			attributes = {
				BuildIndependentTargetsInParallel = 1;
				LastSwiftUpdateCheck = 1420;
				LastUpgradeCheck = 1420;
				TargetAttributes = {
					1E86F11C2954AF2400D981CB = {
						CreatedOnToolsVersion = 14.2;
					};
				};
			};
			buildConfigurationList = 1E86F1182954AF2400D981CB /* Build configuration list for PBXProject "SlotsGame" */;
			compatibilityVersion = "Xcode 14.0";
			developmentRegion = en;
			hasScannedForEncodings = 0;
			knownRegions = (
				en,
				Base,
			);
			mainGroup = 1E86F1142954AF2400D981CB;
			productRefGroup = 1E86F11E2954AF2400D981CB /* Products */;
			projectDirPath = "";
			projectRoot = "";
			targets = (
				1E86F11C2954AF2400D981CB /* SlotsGame */,
			);
		};
/* End PBXProject section */

/* Begin PBXResourcesBuildPhase section */
		1E86F11B2954AF2400D981CB /* Resources */ = {
			isa = PBXResourcesBuildPhase;
			buildActionMask = 2147483647;
			files = (
				1E86F12D2954AF2A00D981CB /* LaunchScreen.storyboard in Resources */,
				1E86F12A2954AF2A00D981CB /* Assets.xcassets in Resources */,
				1E86F1412957774A00D981CB /* Games.json in Resources */,
			);
			runOnlyForDeploymentPostprocessing = 0;
		};
/* End PBXResourcesBuildPhase section */

/* Begin PBXSourcesBuildPhase section */
		1E86F1192954AF2400D981CB /* Sources */ = {
			isa = PBXSourcesBuildPhase;
			buildActionMask = 2147483647;
			files = (
				1E3AD2A5295A04C5008B4208 /* GamePageState.swift in Sources */,
				1E3AD2A12959AE55008B4208 /* GamePage.swift in Sources */,
				1E86F13F2954B99C00D981CB /* PreloaderPage.swift in Sources */,
				1E3AD2A32959AE85008B4208 /* GamePageViewController.swift in Sources */,
				1E3AD2B0295F2974008B4208 /* NotificationManager.swift in Sources */,
				1E3AD2B2295F6351008B4208 /* Constants.swift in Sources */,
				1E86F13D2954B80700D981CB /* MainPage.swift in Sources */,
				1E86F13B2954B7FB00D981CB /* MainPageViewController.swift in Sources */,
				1E86F1432957788300D981CB /* MainPageState.swift in Sources */,
				1E3AD2A7295A06B4008B4208 /* Formatter+Extension.swift in Sources */,
				1E86F1212954AF2400D981CB /* AppDelegate.swift in Sources */,
				1E86F1232954AF2400D981CB /* SceneDelegate.swift in Sources */,
				1E3AD2AA295A097A008B4208 /* WheelView.swift in Sources */,
				1E3AD2AE295F26F9008B4208 /* SlotBoardView.swift in Sources */,
				1E3AD2AC295B7146008B4208 /* SlotItemCache.swift in Sources */,
				1E3AD2B42960808D008B4208 /* KeyStore.swift in Sources */,
			);
			runOnlyForDeploymentPostprocessing = 0;
		};
/* End PBXSourcesBuildPhase section */

/* Begin PBXVariantGroup section */
		1E86F12B2954AF2A00D981CB /* LaunchScreen.storyboard */ = {
			isa = PBXVariantGroup;
			children = (
				1E86F12C2954AF2A00D981CB /* Base */,
			);
			name = LaunchScreen.storyboard;
			sourceTree = "<group>";
		};
/* End PBXVariantGroup section */

/* Begin XCBuildConfiguration section */
		1E86F12F2954AF2A00D981CB /* Debug */ = {
			isa = XCBuildConfiguration;
			buildSettings = {
				ALWAYS_SEARCH_USER_PATHS = NO;
				CLANG_ANALYZER_NONNULL = YES;
				CLANG_ANALYZER_NUMBER_OBJECT_CONVERSION = YES_AGGRESSIVE;
				CLANG_CXX_LANGUAGE_STANDARD = "gnu++20";
				CLANG_ENABLE_MODULES = YES;
				CLANG_ENABLE_OBJC_ARC = YES;
				CLANG_ENABLE_OBJC_WEAK = YES;
				CLANG_WARN_BLOCK_CAPTURE_AUTORELEASING = YES;
				CLANG_WARN_BOOL_CONVERSION = YES;
				CLANG_WARN_COMMA = YES;
				CLANG_WARN_CONSTANT_CONVERSION = YES;
				CLANG_WARN_DEPRECATED_OBJC_IMPLEMENTATIONS = YES;
				CLANG_WARN_DIRECT_OBJC_ISA_USAGE = YES_ERROR;
				CLANG_WARN_DOCUMENTATION_COMMENTS = YES;
				CLANG_WARN_EMPTY_BODY = YES;
				CLANG_WARN_ENUM_CONVERSION = YES;
				CLANG_WARN_INFINITE_RECURSION = YES;
				CLANG_WARN_INT_CONVERSION = YES;
				CLANG_WARN_NON_LITERAL_NULL_CONVERSION = YES;
				CLANG_WARN_OBJC_IMPLICIT_RETAIN_SELF = YES;
				CLANG_WARN_OBJC_LITERAL_CONVERSION = YES;
				CLANG_WARN_OBJC_ROOT_CLASS = YES_ERROR;
				CLANG_WARN_QUOTED_INCLUDE_IN_FRAMEWORK_HEADER = YES;
				CLANG_WARN_RANGE_LOOP_ANALYSIS = YES;
				CLANG_WARN_STRICT_PROTOTYPES = YES;
				CLANG_WARN_SUSPICIOUS_MOVE = YES;
				CLANG_WARN_UNGUARDED_AVAILABILITY = YES_AGGRESSIVE;
				CLANG_WARN_UNREACHABLE_CODE = YES;
				CLANG_WARN__DUPLICATE_METHOD_MATCH = YES;
				COPY_PHASE_STRIP = NO;
				DEBUG_INFORMATION_FORMAT = dwarf;
				ENABLE_STRICT_OBJC_MSGSEND = YES;
				ENABLE_TESTABILITY = YES;
				GCC_C_LANGUAGE_STANDARD = gnu11;
				GCC_DYNAMIC_NO_PIC = NO;
				GCC_NO_COMMON_BLOCKS = YES;
				GCC_OPTIMIZATION_LEVEL = 0;
				GCC_PREPROCESSOR_DEFINITIONS = (
					"DEBUG=1",
					"$(inherited)",
				);
				GCC_WARN_64_TO_32_BIT_CONVERSION = YES;
				GCC_WARN_ABOUT_RETURN_TYPE = YES_ERROR;
				GCC_WARN_UNDECLARED_SELECTOR = YES;
				GCC_WARN_UNINITIALIZED_AUTOS = YES_AGGRESSIVE;
				GCC_WARN_UNUSED_FUNCTION = YES;
				GCC_WARN_UNUSED_VARIABLE = YES;
				IPHONEOS_DEPLOYMENT_TARGET = 16.2;
				MTL_ENABLE_DEBUG_INFO = INCLUDE_SOURCE;
				MTL_FAST_MATH = YES;
				ONLY_ACTIVE_ARCH = YES;
				SDKROOT = iphoneos;
				SWIFT_ACTIVE_COMPILATION_CONDITIONS = DEBUG;
				SWIFT_OPTIMIZATION_LEVEL = "-Onone";
			};
			name = Debug;
		};
		1E86F1302954AF2A00D981CB /* Release */ = {
			isa = XCBuildConfiguration;
			buildSettings = {
				ALWAYS_SEARCH_USER_PATHS = NO;
				CLANG_ANALYZER_NONNULL = YES;
				CLANG_ANALYZER_NUMBER_OBJECT_CONVERSION = YES_AGGRESSIVE;
				CLANG_CXX_LANGUAGE_STANDARD = "gnu++20";
				CLANG_ENABLE_MODULES = YES;
				CLANG_ENABLE_OBJC_ARC = YES;
				CLANG_ENABLE_OBJC_WEAK = YES;
				CLANG_WARN_BLOCK_CAPTURE_AUTORELEASING = YES;
				CLANG_WARN_BOOL_CONVERSION = YES;
				CLANG_WARN_COMMA = YES;
				CLANG_WARN_CONSTANT_CONVERSION = YES;
				CLANG_WARN_DEPRECATED_OBJC_IMPLEMENTATIONS = YES;
				CLANG_WARN_DIRECT_OBJC_ISA_USAGE = YES_ERROR;
				CLANG_WARN_DOCUMENTATION_COMMENTS = YES;
				CLANG_WARN_EMPTY_BODY = YES;
				CLANG_WARN_ENUM_CONVERSION = YES;
				CLANG_WARN_INFINITE_RECURSION = YES;
				CLANG_WARN_INT_CONVERSION = YES;
				CLANG_WARN_NON_LITERAL_NULL_CONVERSION = YES;
				CLANG_WARN_OBJC_IMPLICIT_RETAIN_SELF = YES;
				CLANG_WARN_OBJC_LITERAL_CONVERSION = YES;
				CLANG_WARN_OBJC_ROOT_CLASS = YES_ERROR;
				CLANG_WARN_QUOTED_INCLUDE_IN_FRAMEWORK_HEADER = YES;
				CLANG_WARN_RANGE_LOOP_ANALYSIS = YES;
				CLANG_WARN_STRICT_PROTOTYPES = YES;
				CLANG_WARN_SUSPICIOUS_MOVE = YES;
				CLANG_WARN_UNGUARDED_AVAILABILITY = YES_AGGRESSIVE;
				CLANG_WARN_UNREACHABLE_CODE = YES;
				CLANG_WARN__DUPLICATE_METHOD_MATCH = YES;
				COPY_PHASE_STRIP = NO;
				DEBUG_INFORMATION_FORMAT = "dwarf-with-dsym";
				ENABLE_NS_ASSERTIONS = NO;
				ENABLE_STRICT_OBJC_MSGSEND = YES;
				GCC_C_LANGUAGE_STANDARD = gnu11;
				GCC_NO_COMMON_BLOCKS = YES;
				GCC_WARN_64_TO_32_BIT_CONVERSION = YES;
				GCC_WARN_ABOUT_RETURN_TYPE = YES_ERROR;
				GCC_WARN_UNDECLARED_SELECTOR = YES;
				GCC_WARN_UNINITIALIZED_AUTOS = YES_AGGRESSIVE;
				GCC_WARN_UNUSED_FUNCTION = YES;
				GCC_WARN_UNUSED_VARIABLE = YES;
				IPHONEOS_DEPLOYMENT_TARGET = 16.2;
				MTL_ENABLE_DEBUG_INFO = NO;
				MTL_FAST_MATH = YES;
				SDKROOT = iphoneos;
				SWIFT_COMPILATION_MODE = wholemodule;
				SWIFT_OPTIMIZATION_LEVEL = "-O";
				VALIDATE_PRODUCT = YES;
			};
			name = Release;
		};
		1E86F1322954AF2A00D981CB /* Debug */ = {
			isa = XCBuildConfiguration;
			buildSettings = {
				ASSETCATALOG_COMPILER_APPICON_NAME = AppIcon;
				ASSETCATALOG_COMPILER_GLOBAL_ACCENT_COLOR_NAME = AccentColor;
				CODE_SIGN_STYLE = Automatic;
				CURRENT_PROJECT_VERSION = 1;
				DEVELOPMENT_TEAM = 4D5NR7NN6K;
				GENERATE_INFOPLIST_FILE = YES;
				INFOPLIST_FILE = SlotsGame/Application/Info.plist;
				INFOPLIST_KEY_UIApplicationSupportsIndirectInputEvents = YES;
				INFOPLIST_KEY_UILaunchStoryboardName = LaunchScreen;
				INFOPLIST_KEY_UIMainStoryboardFile = Main;
				INFOPLIST_KEY_UISupportedInterfaceOrientations = "UIInterfaceOrientationLandscapeLeft UIInterfaceOrientationLandscapeRight UIInterfaceOrientationPortrait UIInterfaceOrientationPortraitUpsideDown";
				IPHONEOS_DEPLOYMENT_TARGET = 15.0;
				LD_RUNPATH_SEARCH_PATHS = (
					"$(inherited)",
					"@executable_path/Frameworks",
				);
				MARKETING_VERSION = 1.0;
				PRODUCT_BUNDLE_IDENTIFIER = "VladyslavB-UK.SlotsGame";
				PRODUCT_NAME = "$(TARGET_NAME)";
				SWIFT_EMIT_LOC_STRINGS = YES;
				SWIFT_VERSION = 5.0;
				TARGETED_DEVICE_FAMILY = "1,2";
			};
			name = Debug;
		};
		1E86F1332954AF2A00D981CB /* Release */ = {
			isa = XCBuildConfiguration;
			buildSettings = {
				ASSETCATALOG_COMPILER_APPICON_NAME = AppIcon;
				ASSETCATALOG_COMPILER_GLOBAL_ACCENT_COLOR_NAME = AccentColor;
				CODE_SIGN_STYLE = Automatic;
				CURRENT_PROJECT_VERSION = 1;
				DEVELOPMENT_TEAM = 4D5NR7NN6K;
				GENERATE_INFOPLIST_FILE = YES;
				INFOPLIST_FILE = SlotsGame/Application/Info.plist;
				INFOPLIST_KEY_UIApplicationSupportsIndirectInputEvents = YES;
				INFOPLIST_KEY_UILaunchStoryboardName = LaunchScreen;
				INFOPLIST_KEY_UIMainStoryboardFile = Main;
				INFOPLIST_KEY_UISupportedInterfaceOrientations = "UIInterfaceOrientationLandscapeLeft UIInterfaceOrientationLandscapeRight UIInterfaceOrientationPortrait UIInterfaceOrientationPortraitUpsideDown";
				IPHONEOS_DEPLOYMENT_TARGET = 15.0;
				LD_RUNPATH_SEARCH_PATHS = (
					"$(inherited)",
					"@executable_path/Frameworks",
				);
				MARKETING_VERSION = 1.0;
				PRODUCT_BUNDLE_IDENTIFIER = "VladyslavB-UK.SlotsGame";
				PRODUCT_NAME = "$(TARGET_NAME)";
				SWIFT_EMIT_LOC_STRINGS = YES;
				SWIFT_VERSION = 5.0;
				TARGETED_DEVICE_FAMILY = "1,2";
			};
			name = Release;
		};
/* End XCBuildConfiguration section */

/* Begin XCConfigurationList section */
		1E86F1182954AF2400D981CB /* Build configuration list for PBXProject "SlotsGame" */ = {
			isa = XCConfigurationList;
			buildConfigurations = (
				1E86F12F2954AF2A00D981CB /* Debug */,
				1E86F1302954AF2A00D981CB /* Release */,
			);
			defaultConfigurationIsVisible = 0;
			defaultConfigurationName = Release;
		};
		1E86F1312954AF2A00D981CB /* Build configuration list for PBXNativeTarget "SlotsGame" */ = {
			isa = XCConfigurationList;
			buildConfigurations = (
				1E86F1322954AF2A00D981CB /* Debug */,
				1E86F1332954AF2A00D981CB /* Release */,
			);
			defaultConfigurationIsVisible = 0;
			defaultConfigurationName = Release;
		};
/* End XCConfigurationList section */
	};
	rootObject = 1E86F1152954AF2400D981CB /* Project object */;
}
